
Microsoft Visual Studio Solution File, Format Version 12.00
# Visual Studio 15
VisualStudioVersion = 15.0.28010.2003
MinimumVisualStudioVersion = 10.0.40219.1
Project("{FAE04EC0-301F-11D3-BF4B-00C04F79EFBC}") = "Lily.Tools", "Lily.Tools\Lily.Tools.csproj", "{8D7FAEE9-C765-46EA-993E-2683AE48BB16}"
EndProject
Global
	GlobalSection(SolutionConfigurationPlatforms) = preSolution
		Debug|Any CPU = Debug|Any CPU
		Release|Any CPU = Release|Any CPU
	EndGlobalSection
	GlobalSection(ProjectConfigurationPlatforms) = postSolution
		{8D7FAEE9-C765-46EA-993E-2683AE48BB16}.Debug|Any CPU.ActiveCfg = Debug|Any CPU
		{8D7FAEE9-C765-46EA-993E-2683AE48BB16}.Debug|Any CPU.Build.0 = Debug|Any CPU
		{8D7FAEE9-C765-46EA-993E-2683AE48BB16}.Release|Any CPU.ActiveCfg = Release|Any CPU
		{8D7FAEE9-C765-46EA-993E-2683AE48BB16}.Release|Any CPU.Build.0 = Release|Any CPU
	EndGlobalSection
	GlobalSection(SolutionProperties) = preSolution
		HideSolutionNode = FALSE
	EndGlobalSection
	GlobalSection(ExtensibilityGlobals) = postSolution
		SolutionGuid = {71F32896-2D77-400E-A1EE-23D9CBDACCE7}
	EndGlobalSection
EndGlobal
